
Microsoft Visual Studio Solution File, Format Version 12.00
# Visual Studio Version 17
VisualStudioVersion = 17.4.33205.214
MinimumVisualStudioVersion = 10.0.40219.1
Project("{9A19103F-16F7-4668-BE54-9A1E7A4F7556}") = "Problem 1", "Problem 1\Problem 1.csproj", "{F3D0F6A4-0DC1-47B9-A7B4-47A3827B5508}"
EndProject
Project("{FAE04EC0-301F-11D3-BF4B-00C04F79EFBC}") = "Problem 2", "Problem 2\Problem 2.csproj", "{6C7FE775-68A9-40DF-8F4A-3B7703CE52A2}"
EndProject
Global
	GlobalSection(SolutionConfigurationPlatforms) = preSolution
		Debug|Any CPU = Debug|Any CPU
		Release|Any CPU = Release|Any CPU
	EndGlobalSection
	GlobalSection(ProjectConfigurationPlatforms) = postSolution
		{F3D0F6A4-0DC1-47B9-A7B4-47A3827B5508}.Debug|Any CPU.ActiveCfg = Debug|Any CPU
		{F3D0F6A4-0DC1-47B9-A7B4-47A3827B5508}.Debug|Any CPU.Build.0 = Debug|Any CPU
		{F3D0F6A4-0DC1-47B9-A7B4-47A3827B5508}.Release|Any CPU.ActiveCfg = Release|Any CPU
		{F3D0F6A4-0DC1-47B9-A7B4-47A3827B5508}.Release|Any CPU.Build.0 = Release|Any CPU
		{6C7FE775-68A9-40DF-8F4A-3B7703CE52A2}.Debug|Any CPU.ActiveCfg = Debug|Any CPU
		{6C7FE775-68A9-40DF-8F4A-3B7703CE52A2}.Debug|Any CPU.Build.0 = Debug|Any CPU
		{6C7FE775-68A9-40DF-8F4A-3B7703CE52A2}.Release|Any CPU.ActiveCfg = Release|Any CPU
		{6C7FE775-68A9-40DF-8F4A-3B7703CE52A2}.Release|Any CPU.Build.0 = Release|Any CPU
	EndGlobalSection
	GlobalSection(SolutionProperties) = preSolution
		HideSolutionNode = FALSE
	EndGlobalSection
	GlobalSection(ExtensibilityGlobals) = postSolution
		SolutionGuid = {4BD69A2B-5941-4389-8022-448FB16635AF}
	EndGlobalSection
EndGlobal
