
Microsoft Visual Studio Solution File, Format Version 12.00
# Visual Studio Version 17
VisualStudioVersion = 17.4.33205.214
MinimumVisualStudioVersion = 10.0.40219.1
Project("{9A19103F-16F7-4668-BE54-9A1E7A4F7556}") = "Problem 1", "Problem 1\Problem 1.csproj", "{8FA3878E-B685-4E24-AA3C-670351E72F69}"
EndProject
Project("{FAE04EC0-301F-11D3-BF4B-00C04F79EFBC}") = "Problem 2", "Problem 2\Problem 2.csproj", "{CBDF8C9A-9320-423B-B028-1995E1B319D4}"
EndProject
Global
	GlobalSection(SolutionConfigurationPlatforms) = preSolution
		Debug|Any CPU = Debug|Any CPU
		Release|Any CPU = Release|Any CPU
	EndGlobalSection
	GlobalSection(ProjectConfigurationPlatforms) = postSolution
		{8FA3878E-B685-4E24-AA3C-670351E72F69}.Debug|Any CPU.ActiveCfg = Debug|Any CPU
		{8FA3878E-B685-4E24-AA3C-670351E72F69}.Debug|Any CPU.Build.0 = Debug|Any CPU
		{8FA3878E-B685-4E24-AA3C-670351E72F69}.Release|Any CPU.ActiveCfg = Release|Any CPU
		{8FA3878E-B685-4E24-AA3C-670351E72F69}.Release|Any CPU.Build.0 = Release|Any CPU
		{CBDF8C9A-9320-423B-B028-1995E1B319D4}.Debug|Any CPU.ActiveCfg = Debug|Any CPU
		{CBDF8C9A-9320-423B-B028-1995E1B319D4}.Debug|Any CPU.Build.0 = Debug|Any CPU
		{CBDF8C9A-9320-423B-B028-1995E1B319D4}.Release|Any CPU.ActiveCfg = Release|Any CPU
		{CBDF8C9A-9320-423B-B028-1995E1B319D4}.Release|Any CPU.Build.0 = Release|Any CPU
	EndGlobalSection
	GlobalSection(SolutionProperties) = preSolution
		HideSolutionNode = FALSE
	EndGlobalSection
	GlobalSection(ExtensibilityGlobals) = postSolution
		SolutionGuid = {1C61CFEA-8142-4F56-8B97-A115AA58D7B2}
	EndGlobalSection
EndGlobal
